
Microsoft Visual Studio Solution File, Format Version 12.00
# Visual Studio 15
VisualStudioVersion = 15.0.28307.572
MinimumVisualStudioVersion = 10.0.40219.1
Project("{FAE04EC0-301F-11D3-BF4B-00C04F79EFBC}") = "MisOfertas.API", "MisOfertas.API\MisOfertas.API.csproj", "{C52BEFFE-A1FF-44CA-AD2A-889F43BA2E47}"
EndProject
Project("{FAE04EC0-301F-11D3-BF4B-00C04F79EFBC}") = "MisOfertas.CapaDatos", "MisOfertas.CapaDatos\MisOfertas.CapaDatos.csproj", "{0E257B32-B2B6-45AD-AC96-B137437D9E8A}"
EndProject
Project("{FAE04EC0-301F-11D3-BF4B-00C04F79EFBC}") = "MisOfertas.CapaNegocio", "MisOfertas.CapaNegocio\MisOfertas.CapaNegocio.csproj", "{BF02EFCA-5F1E-4360-8174-29E4C2E62A7A}"
EndProject
Project("{FAE04EC0-301F-11D3-BF4B-00C04F79EFBC}") = "MisOfertas.Web", "MisOfertas.Web\MisOfertas.Web.csproj", "{ED3C0743-631D-4E78-81FA-29DC59695A21}"
EndProject
Global
	GlobalSection(SolutionConfigurationPlatforms) = preSolution
		Debug|Any CPU = Debug|Any CPU
		Release|Any CPU = Release|Any CPU
	EndGlobalSection
	GlobalSection(ProjectConfigurationPlatforms) = postSolution
		{C52BEFFE-A1FF-44CA-AD2A-889F43BA2E47}.Debug|Any CPU.ActiveCfg = Debug|Any CPU
		{C52BEFFE-A1FF-44CA-AD2A-889F43BA2E47}.Debug|Any CPU.Build.0 = Debug|Any CPU
		{C52BEFFE-A1FF-44CA-AD2A-889F43BA2E47}.Release|Any CPU.ActiveCfg = Release|Any CPU
		{C52BEFFE-A1FF-44CA-AD2A-889F43BA2E47}.Release|Any CPU.Build.0 = Release|Any CPU
		{0E257B32-B2B6-45AD-AC96-B137437D9E8A}.Debug|Any CPU.ActiveCfg = Debug|Any CPU
		{0E257B32-B2B6-45AD-AC96-B137437D9E8A}.Debug|Any CPU.Build.0 = Debug|Any CPU
		{0E257B32-B2B6-45AD-AC96-B137437D9E8A}.Release|Any CPU.ActiveCfg = Release|Any CPU
		{0E257B32-B2B6-45AD-AC96-B137437D9E8A}.Release|Any CPU.Build.0 = Release|Any CPU
		{BF02EFCA-5F1E-4360-8174-29E4C2E62A7A}.Debug|Any CPU.ActiveCfg = Debug|Any CPU
		{BF02EFCA-5F1E-4360-8174-29E4C2E62A7A}.Debug|Any CPU.Build.0 = Debug|Any CPU
		{BF02EFCA-5F1E-4360-8174-29E4C2E62A7A}.Release|Any CPU.ActiveCfg = Release|Any CPU
		{BF02EFCA-5F1E-4360-8174-29E4C2E62A7A}.Release|Any CPU.Build.0 = Release|Any CPU
		{ED3C0743-631D-4E78-81FA-29DC59695A21}.Debug|Any CPU.ActiveCfg = Debug|Any CPU
		{ED3C0743-631D-4E78-81FA-29DC59695A21}.Debug|Any CPU.Build.0 = Debug|Any CPU
		{ED3C0743-631D-4E78-81FA-29DC59695A21}.Release|Any CPU.ActiveCfg = Release|Any CPU
		{ED3C0743-631D-4E78-81FA-29DC59695A21}.Release|Any CPU.Build.0 = Release|Any CPU
	EndGlobalSection
	GlobalSection(SolutionProperties) = preSolution
		HideSolutionNode = FALSE
	EndGlobalSection
	GlobalSection(ExtensibilityGlobals) = postSolution
		SolutionGuid = {380B3474-0B44-4BAB-8400-6ACB710393FC}
	EndGlobalSection
EndGlobal
